
Microsoft Visual Studio Solution File, Format Version 12.00
# Visual Studio Version 17
VisualStudioVersion = 17.9.34622.214
MinimumVisualStudioVersion = 10.0.40219.1
Project("{FAE04EC0-301F-11D3-BF4B-00C04F79EFBC}") = "Lab11", "Lab11\Lab11.csproj", "{46A885BF-7814-4367-9721-4FE7211FDDE8}"
EndProject
Global
	GlobalSection(SolutionConfigurationPlatforms) = preSolution
		Debug|Any CPU = Debug|Any CPU
		Release|Any CPU = Release|Any CPU
	EndGlobalSection
	GlobalSection(ProjectConfigurationPlatforms) = postSolution
		{46A885BF-7814-4367-9721-4FE7211FDDE8}.Debug|Any CPU.ActiveCfg = Debug|Any CPU
		{46A885BF-7814-4367-9721-4FE7211FDDE8}.Debug|Any CPU.Build.0 = Debug|Any CPU
		{46A885BF-7814-4367-9721-4FE7211FDDE8}.Release|Any CPU.ActiveCfg = Release|Any CPU
		{46A885BF-7814-4367-9721-4FE7211FDDE8}.Release|Any CPU.Build.0 = Release|Any CPU
	EndGlobalSection
	GlobalSection(SolutionProperties) = preSolution
		HideSolutionNode = FALSE
	EndGlobalSection
	GlobalSection(ExtensibilityGlobals) = postSolution
		SolutionGuid = {A55B38AF-B986-47AC-B75A-FF30FB20E4B8}
	EndGlobalSection
EndGlobal
